<?xml version="1.0" encoding="utf-8"?>
<Project ToolsVersion="4.0" xmlns="http://schemas.microsoft.com/developer/msbuild/2003">
  <ItemGroup>
    <Filter Include="源文件">
      <UniqueIdentifier>{4FC737F1-C7A5-4376-A066-2A32D752A2FF}</UniqueIdentifier>
      <Extensions>cpp;c;cc;cxx;def;odl;idl;hpj;bat;asm;asmx</Extensions>
    </Filter>
    <Filter Include="头文件">
      <UniqueIdentifier>{93995380-89BD-4b04-88EB-625FBE52EBFB}</UniqueIdentifier>
      <Extensions>h;hh;hpp;hxx;hm;inl;inc;xsd</Extensions>
    </Filter>
    <Filter Include="资源文件">
      <UniqueIdentifier>{67DA6AB6-F800-4c08-8B7A-83BB121AAD01}</UniqueIdentifier>
      <Extensions>rc;ico;cur;bmp;dlg;rc2;rct;bin;rgs;gif;jpg;jpeg;jpe;resx;tiff;tif;png;wav;mfcribbon-ms</Extensions>
    </Filter>
  </ItemGroup>
  <ItemGroup>
    <Text Include="ReadMe.txt" />
  </ItemGroup>
  <ItemGroup>
    <ClCompile Include="publiclib.cpp">
      <Filter>源文件</Filter>
    </ClCompile>
    <ClCompile Include="dllmain.cpp">
      <Filter>源文件</Filter>
    </ClCompile>
    <ClCompile Include="stdafx.cpp">
      <Filter>源文件</Filter>
    </ClCompile>
    <ClCompile Include="CharCode.cpp">
      <Filter>源文件</Filter>
    </ClCompile>
    <ClCompile Include="Publicfun.cpp">
      <Filter>源文件</Filter>
    </ClCompile>
    <ClCompile Include="LogEx.cpp">
      <Filter>源文件</Filter>
    </ClCompile>
    <ClCompile Include="DirFileEx.cpp">
      <Filter>源文件</Filter>
    </ClCompile>
    <ClCompile Include="DateTimeEx.cpp">
      <Filter>源文件</Filter>
    </ClCompile>
    <ClCompile Include="Util.cpp">
      <Filter>源文件</Filter>
    </ClCompile>
    <ClCompile Include="AutoLock.cpp">
      <Filter>源文件</Filter>
    </ClCompile>
    <ClCompile Include="CritSec.cpp">
      <Filter>源文件</Filter>
    </ClCompile>
    <ClCompile Include="IniEx.cpp">
      <Filter>源文件</Filter>
    </ClCompile>
    <ClCompile Include="ThreadEx.cpp">
      <Filter>源文件</Filter>
    </ClCompile>
    <ClCompile Include="CHTTPDownload.cpp">
      <Filter>源文件</Filter>
    </ClCompile>
    <ClCompile Include="Base64Ex.cpp">
      <Filter>源文件</Filter>
    </ClCompile>
    <ClCompile Include="NetAdapter.cpp">
      <Filter>源文件</Filter>
    </ClCompile>
    <ClCompile Include="HttpGetPost.cpp">
      <Filter>源文件</Filter>
    </ClCompile>
    <ClCompile Include="ping.cpp">
      <Filter>源文件</Filter>
    </ClCompile>
    <ClCompile Include="unzip.cpp">
      <Filter>源文件</Filter>
    </ClCompile>
    <ClCompile Include="zip.cpp">
      <Filter>源文件</Filter>
    </ClCompile>
    <ClCompile Include="ZipEx.cpp">
      <Filter>源文件</Filter>
    </ClCompile>
    <ClCompile Include="MusicPlay.cpp">
      <Filter>源文件</Filter>
    </ClCompile>
    <ClCompile Include="hash.cpp">
      <Filter>源文件</Filter>
    </ClCompile>
    <ClCompile Include="ToolEx.cpp">
      <Filter>源文件</Filter>
    </ClCompile>
    <ClCompile Include="UnicodeToUtf8.cpp">
      <Filter>源文件</Filter>
    </ClCompile>
    <ClCompile Include="HttpDownloadEx.cpp">
      <Filter>源文件</Filter>
    </ClCompile>
    <ClCompile Include="def.cpp">
      <Filter>源文件</Filter>
    </ClCompile>
    <ClCompile Include="MD5.cpp">
      <Filter>源文件</Filter>
    </ClCompile>
  </ItemGroup>
  <ItemGroup>
    <None Include="publiclib.def">
      <Filter>源文件</Filter>
    </None>
    <None Include="res\publiclib.rc2">
      <Filter>资源文件</Filter>
    </None>
  </ItemGroup>
  <ItemGroup>
    <ClInclude Include="stdafx.h">
      <Filter>头文件</Filter>
    </ClInclude>
    <ClInclude Include="targetver.h">
      <Filter>头文件</Filter>
    </ClInclude>
    <ClInclude Include="Resource.h">
      <Filter>头文件</Filter>
    </ClInclude>
    <ClInclude Include="Publicfun.h">
      <Filter>头文件</Filter>
    </ClInclude>
    <ClInclude Include="CharCode.h">
      <Filter>头文件</Filter>
    </ClInclude>
    <ClInclude Include="def.h">
      <Filter>头文件</Filter>
    </ClInclude>
    <ClInclude Include="LogEx.h">
      <Filter>头文件</Filter>
    </ClInclude>
    <ClInclude Include="DirFileEx.h">
      <Filter>头文件</Filter>
    </ClInclude>
    <ClInclude Include="DateTimeEx.h">
      <Filter>头文件</Filter>
    </ClInclude>
    <ClInclude Include="Util.h">
      <Filter>头文件</Filter>
    </ClInclude>
    <ClInclude Include="AutoLock.h">
      <Filter>头文件</Filter>
    </ClInclude>
    <ClInclude Include="CritSec.h">
      <Filter>头文件</Filter>
    </ClInclude>
    <ClInclude Include="IniEx.h">
      <Filter>头文件</Filter>
    </ClInclude>
    <ClInclude Include="ThreadEx.h">
      <Filter>头文件</Filter>
    </ClInclude>
    <ClInclude Include="CHTTPDownload.h">
      <Filter>头文件</Filter>
    </ClInclude>
    <ClInclude Include="Base64Ex.h">
      <Filter>头文件</Filter>
    </ClInclude>
    <ClInclude Include="NetAdapter.h">
      <Filter>头文件</Filter>
    </ClInclude>
    <ClInclude Include="HttpGetPost.h">
      <Filter>头文件</Filter>
    </ClInclude>
    <ClInclude Include="ping.h">
      <Filter>头文件</Filter>
    </ClInclude>
    <ClInclude Include="unzip.h">
      <Filter>头文件</Filter>
    </ClInclude>
    <ClInclude Include="zip.h">
      <Filter>头文件</Filter>
    </ClInclude>
    <ClInclude Include="ZipEx.h">
      <Filter>头文件</Filter>
    </ClInclude>
    <ClInclude Include="MusicPlay.h">
      <Filter>头文件</Filter>
    </ClInclude>
    <ClInclude Include="hash.h">
      <Filter>头文件</Filter>
    </ClInclude>
    <ClInclude Include="ToolEx.h">
      <Filter>头文件</Filter>
    </ClInclude>
    <ClInclude Include="UnicodeToUtf8.h">
      <Filter>头文件</Filter>
    </ClInclude>
    <ClInclude Include="HttpDownloadEx.h">
      <Filter>头文件</Filter>
    </ClInclude>
    <ClInclude Include="Screenshot.h">
      <Filter>头文件</Filter>
    </ClInclude>
    <ClInclude Include="MD5.h">
      <Filter>头文件</Filter>
    </ClInclude>
  </ItemGroup>
  <ItemGroup>
    <ResourceCompile Include="publiclib.rc">
      <Filter>资源文件</Filter>
    </ResourceCompile>
  </ItemGroup>
</Project>